
Microsoft Visual Studio Solution File, Format Version 12.00
# Visual Studio Version 16
VisualStudioVersion = 16.0.31424.327
MinimumVisualStudioVersion = 10.0.40219.1
Project("{FAE04EC0-301F-11D3-BF4B-00C04F79EFBC}") = "PicBoxes", "PicBoxes.csproj", "{16199F6F-2E75-431E-8083-A282ABB1C158}"
EndProject
Global
	GlobalSection(SolutionConfigurationPlatforms) = preSolution
		Debug|Any CPU = Debug|Any CPU
		Release|Any CPU = Release|Any CPU
	EndGlobalSection
	GlobalSection(ProjectConfigurationPlatforms) = postSolution
		{16199F6F-2E75-431E-8083-A282ABB1C158}.Debug|Any CPU.ActiveCfg = Debug|Any CPU
		{16199F6F-2E75-431E-8083-A282ABB1C158}.Debug|Any CPU.Build.0 = Debug|Any CPU
		{16199F6F-2E75-431E-8083-A282ABB1C158}.Release|Any CPU.ActiveCfg = Release|Any CPU
		{16199F6F-2E75-431E-8083-A282ABB1C158}.Release|Any CPU.Build.0 = Release|Any CPU
	EndGlobalSection
	GlobalSection(SolutionProperties) = preSolution
		HideSolutionNode = FALSE
	EndGlobalSection
	GlobalSection(ExtensibilityGlobals) = postSolution
		SolutionGuid = {045D2FBD-BC7B-4817-8A17-60F94B114765}
	EndGlobalSection
EndGlobal
